
Microsoft Visual Studio Solution File, Format Version 12.00
# Visual Studio Version 16
VisualStudioVersion = 16.0.29613.14
MinimumVisualStudioVersion = 10.0.40219.1
Project("{FAE04EC0-301F-11D3-BF4B-00C04F79EFBC}") = "GymShop", "GymShop\GymShop.csproj", "{97B91855-C773-4915-8F7E-7796522A934F}"
EndProject
Global
	GlobalSection(SolutionConfigurationPlatforms) = preSolution
		Debug|Any CPU = Debug|Any CPU
		Release|Any CPU = Release|Any CPU
	EndGlobalSection
	GlobalSection(ProjectConfigurationPlatforms) = postSolution
		{97B91855-C773-4915-8F7E-7796522A934F}.Debug|Any CPU.ActiveCfg = Debug|Any CPU
		{97B91855-C773-4915-8F7E-7796522A934F}.Debug|Any CPU.Build.0 = Debug|Any CPU
		{97B91855-C773-4915-8F7E-7796522A934F}.Release|Any CPU.ActiveCfg = Release|Any CPU
		{97B91855-C773-4915-8F7E-7796522A934F}.Release|Any CPU.Build.0 = Release|Any CPU
	EndGlobalSection
	GlobalSection(SolutionProperties) = preSolution
		HideSolutionNode = FALSE
	EndGlobalSection
	GlobalSection(ExtensibilityGlobals) = postSolution
		SolutionGuid = {DB3D4B46-9A07-492C-BB35-495BBF1FED36}
	EndGlobalSection
EndGlobal
